
Microsoft Visual Studio Solution File, Format Version 12.00
# Visual Studio 15
VisualStudioVersion = 15.0.27130.2010
MinimumVisualStudioVersion = 10.0.40219.1
Project("{FAE04EC0-301F-11D3-BF4B-00C04F79EFBC}") = "Aula 3", "Aula 3\Aula 3.csproj", "{59D455A9-4A69-41EF-89D6-56F312189246}"
EndProject
Global
	GlobalSection(SolutionConfigurationPlatforms) = preSolution
		Debug|Any CPU = Debug|Any CPU
		Release|Any CPU = Release|Any CPU
	EndGlobalSection
	GlobalSection(ProjectConfigurationPlatforms) = postSolution
		{59D455A9-4A69-41EF-89D6-56F312189246}.Debug|Any CPU.ActiveCfg = Debug|Any CPU
		{59D455A9-4A69-41EF-89D6-56F312189246}.Debug|Any CPU.Build.0 = Debug|Any CPU
		{59D455A9-4A69-41EF-89D6-56F312189246}.Release|Any CPU.ActiveCfg = Release|Any CPU
		{59D455A9-4A69-41EF-89D6-56F312189246}.Release|Any CPU.Build.0 = Release|Any CPU
	EndGlobalSection
	GlobalSection(SolutionProperties) = preSolution
		HideSolutionNode = FALSE
	EndGlobalSection
	GlobalSection(ExtensibilityGlobals) = postSolution
		SolutionGuid = {FD8F32CE-7C16-46C9-B823-A03CC28433CA}
	EndGlobalSection
EndGlobal
